<?xml version="1.0" encoding="utf-8"?>
<Project ToolsVersion="4.0" xmlns="http://schemas.microsoft.com/developer/msbuild/2003">
  <ItemGroup>
    <Filter Include="Source Files">
      <UniqueIdentifier>{4FC737F1-C7A5-4376-A066-2A32D752A2FF}</UniqueIdentifier>
      <Extensions>cpp;c;cc;cxx;c++;cppm;ixx;def;odl;idl;hpj;bat;asm;asmx</Extensions>
    </Filter>
    <Filter Include="Resource Files">
      <UniqueIdentifier>{67DA6AB6-F800-4c08-8B7A-83BB121AAD01}</UniqueIdentifier>
      <Extensions>rc;ico;cur;bmp;dlg;rc2;rct;bin;rgs;gif;jpg;jpeg;jpe;resx;tiff;tif;png;wav;mfcribbon-ms</Extensions>
    </Filter>
    <Filter Include="Source Files\Application">
      <UniqueIdentifier>{cf0c3cb7-dd27-4ff6-942d-400445f57e18}</UniqueIdentifier>
    </Filter>
    <Filter Include="Source Files\Panels">
      <UniqueIdentifier>{d70b3f81-a937-4d0b-b81e-bd713f41be1c}</UniqueIdentifier>
    </Filter>
    <Filter Include="Source Files\imgui">
      <UniqueIdentifier>{cd842aa3-aa34-49b5-9537-c4294419590a}</UniqueIdentifier>
    </Filter>
    <Filter Include="Source Files\imgui\backends">
      <UniqueIdentifier>{71b3a965-0eb0-4107-a0e4-a6f281be2d2e}</UniqueIdentifier>
    </Filter>
    <Filter Include="Source Files\Render">
      <UniqueIdentifier>{7d4bda4a-237d-4049-9d91-5e8c1cc80764}</UniqueIdentifier>
    </Filter>
  </ItemGroup>
  <ItemGroup>
    <ClCompile Include="main.cpp">
      <Filter>Source Files</Filter>
    </ClCompile>
    <ClCompile Include="Application\Application.cpp">
      <Filter>Source Files\Application</Filter>
    </ClCompile>
    <ClCompile Include="Panels\Panel.cpp">
      <Filter>Source Files\Panels</Filter>
    </ClCompile>
    <ClCompile Include="Panels\ConsolePanel.cpp">
      <Filter>Source Files\Panels</Filter>
    </ClCompile>
    <ClCompile Include="Panels\LeftPanel.cpp">
      <Filter>Source Files\Panels</Filter>
    </ClCompile>
    <ClCompile Include="Panels\PropertiesPanel.cpp">
      <Filter>Source Files\Panels</Filter>
    </ClCompile>
    <ClCompile Include="Panels\RightPanel.cpp">
      <Filter>Source Files\Panels</Filter>
    </ClCompile>
    <ClCompile Include="Panels\ViewportPanel.cpp">
      <Filter>Source Files\Panels</Filter>
    </ClCompile>
    <ClCompile Include="..\..\third_party\imgui-docking\backends\imgui_impl_sdl3.cpp">
      <Filter>Source Files\imgui\backends</Filter>
    </ClCompile>
    <ClCompile Include="..\..\third_party\imgui-docking\backends\imgui_impl_sdlrenderer3.cpp">
      <Filter>Source Files\imgui\backends</Filter>
    </ClCompile>
    <ClCompile Include="..\..\third_party\imgui-docking\imgui.cpp">
      <Filter>Source Files\imgui</Filter>
    </ClCompile>
    <ClCompile Include="..\..\third_party\imgui-docking\imgui_draw.cpp">
      <Filter>Source Files\imgui</Filter>
    </ClCompile>
    <ClCompile Include="..\..\third_party\imgui-docking\imgui_tables.cpp">
      <Filter>Source Files\imgui</Filter>
    </ClCompile>
    <ClCompile Include="..\..\third_party\imgui-docking\imgui_widgets.cpp">
      <Filter>Source Files\imgui</Filter>
    </ClCompile>
    <ClCompile Include="Render\SdlContext.cpp">
      <Filter>Source Files\Render</Filter>
    </ClCompile>
    <ClCompile Include="Render\Texture.cpp">
      <Filter>Source Files\Render</Filter>
    </ClCompile>
  </ItemGroup>
  <ItemGroup>
    <ClInclude Include="Application\Application.hpp">
      <Filter>Source Files\Application</Filter>
    </ClInclude>
    <ClInclude Include="Panels\Panel.hpp">
      <Filter>Source Files\Panels</Filter>
    </ClInclude>
    <ClInclude Include="Panels\ConsolePanel.hpp">
      <Filter>Source Files\Panels</Filter>
    </ClInclude>
    <ClInclude Include="Panels\LeftPanel.hpp">
      <Filter>Source Files\Panels</Filter>
    </ClInclude>
    <ClInclude Include="Panels\PropertiesPanel.hpp">
      <Filter>Source Files\Panels</Filter>
    </ClInclude>
    <ClInclude Include="Panels\RightPanel.hpp">
      <Filter>Source Files\Panels</Filter>
    </ClInclude>
    <ClInclude Include="Panels\ViewportPanel.hpp">
      <Filter>Source Files\Panels</Filter>
    </ClInclude>
    <ClInclude Include="..\..\third_party\imgui-docking\backends\imgui_impl_sdl3.h">
      <Filter>Source Files\imgui\backends</Filter>
    </ClInclude>
    <ClInclude Include="..\..\third_party\imgui-docking\backends\imgui_impl_sdlrenderer3.h">
      <Filter>Source Files\imgui\backends</Filter>
    </ClInclude>
    <ClInclude Include="..\..\third_party\imgui-docking\imgui.h">
      <Filter>Source Files\imgui</Filter>
    </ClInclude>
    <ClInclude Include="Render\SdlContext.hpp">
      <Filter>Source Files\Render</Filter>
    </ClInclude>
    <ClInclude Include="Render\Texture.hpp">
      <Filter>Source Files\Render</Filter>
    </ClInclude>
  </ItemGroup>
</Project>